PODS:
  - Parsimmon (0.5.0)
  - Realm (0.96.2):
    - Realm/Headers (= 0.96.2)
  - Realm/Headers (0.96.2)
  - RealmSwift (0.96.2):
    - Realm (= 0.96.2)

DEPENDENCIES:
  - Parsimmon
  - RealmSwift

SPEC CHECKSUMS:
  Parsimmon: db98d89de71c085dbc7e839f1296dc73cdeb94bb
  Realm: 3ce8448151c571e90b85002d984d7f93f54fc8a3
  RealmSwift: 485599fe54e35461c4a0daa7d01d8fbf11424873

PODFILE CHECKSUM: fbcacae4d2d123867feff7e41e45f51cf7bdf530

COCOAPODS: 1.0.0
